// !$*UTF8*$!
{
	archiveVersion = 1;
	classes = {
	};
	objectVersion = 48;
	objects = {

/* Begin PBXBuildFile section */
		9406C2121FB7C13E0024E2A0 /* Fonts.swift in Sources */ = {isa = PBXBuildFile; fileRef = 9406C2111FB7C13E0024E2A0 /* Fonts.swift */; };
		9406C2181FB7CFA60024E2A0 /* DataStore.swift in Sources */ = {isa = PBXBuildFile; fileRef = 9406C2171FB7CFA60024E2A0 /* DataStore.swift */; };
		9406C21A1FB7D07A0024E2A0 /* FileStorage.swift in Sources */ = {isa = PBXBuildFile; fileRef = 9406C2191FB7D07A0024E2A0 /* FileStorage.swift */; };
		9406C21C1FB7DB1E0024E2A0 /* ItemDataSource.swift in Sources */ = {isa = PBXBuildFile; fileRef = 9406C21B1FB7DB1E0024E2A0 /* ItemDataSource.swift */; };
		9406C21F1FB7FDD00024E2A0 /* CreateItemViewController.swift in Sources */ = {isa = PBXBuildFile; fileRef = 9406C21E1FB7FDD00024E2A0 /* CreateItemViewController.swift */; };
		9406C2211FB7FE140024E2A0 /* CreateItemView.swift in Sources */ = {isa = PBXBuildFile; fileRef = 9406C2201FB7FE140024E2A0 /* CreateItemView.swift */; };
		940E67641F5DA62A002E76AA /* AppCoordinator.swift in Sources */ = {isa = PBXBuildFile; fileRef = 940E67631F5DA62A002E76AA /* AppCoordinator.swift */; };
		940E67671F5DB1E3002E76AA /* Colors.swift in Sources */ = {isa = PBXBuildFile; fileRef = 940E67661F5DB1E3002E76AA /* Colors.swift */; };
		9432DFA41F5DF9040075C7D3 /* Item.swift in Sources */ = {isa = PBXBuildFile; fileRef = 9432DFA31F5DF9040075C7D3 /* Item.swift */; };
		9432DFA91F5DFB560075C7D3 /* ItemCell.swift in Sources */ = {isa = PBXBuildFile; fileRef = 9432DFA81F5DFB560075C7D3 /* ItemCell.swift */; };
		947D4BBC1FA277A6005ED7BC /* ItemDetailsViewController.swift in Sources */ = {isa = PBXBuildFile; fileRef = 947D4BBB1FA277A6005ED7BC /* ItemDetailsViewController.swift */; };
		947D4BBE1FA278D6005ED7BC /* ItemDetailsView.swift in Sources */ = {isa = PBXBuildFile; fileRef = 947D4BBD1FA278D6005ED7BC /* ItemDetailsView.swift */; };
		947D4BC21FA27D65005ED7BC /* Tag.swift in Sources */ = {isa = PBXBuildFile; fileRef = 947D4BC11FA27D65005ED7BC /* Tag.swift */; };
		94DBCA6A1F5CF56F0097061A /* AppDelegate.swift in Sources */ = {isa = PBXBuildFile; fileRef = 94DBCA691F5CF56F0097061A /* AppDelegate.swift */; };
		94DBCA6C1F5CF56F0097061A /* ItemsListViewController.swift in Sources */ = {isa = PBXBuildFile; fileRef = 94DBCA6B1F5CF56F0097061A /* ItemsListViewController.swift */; };
		94DBCA711F5CF56F0097061A /* Assets.xcassets in Resources */ = {isa = PBXBuildFile; fileRef = 94DBCA701F5CF56F0097061A /* Assets.xcassets */; };
		94DBCA741F5CF56F0097061A /* LaunchScreen.storyboard in Resources */ = {isa = PBXBuildFile; fileRef = 94DBCA721F5CF56F0097061A /* LaunchScreen.storyboard */; };
		94DBCA7F1F5CF5700097061A /* LikeLikeTests.swift in Sources */ = {isa = PBXBuildFile; fileRef = 94DBCA7E1F5CF5700097061A /* LikeLikeTests.swift */; };
/* End PBXBuildFile section */

/* Begin PBXContainerItemProxy section */
		94DBCA7B1F5CF5700097061A /* PBXContainerItemProxy */ = {
			isa = PBXContainerItemProxy;
			containerPortal = 94DBCA5E1F5CF56F0097061A /* Project object */;
			proxyType = 1;
			remoteGlobalIDString = 94DBCA651F5CF56F0097061A;
			remoteInfo = LikeLike;
		};
/* End PBXContainerItemProxy section */

/* Begin PBXFileReference section */
		9406C2111FB7C13E0024E2A0 /* Fonts.swift */ = {isa = PBXFileReference; lastKnownFileType = sourcecode.swift; path = Fonts.swift; sourceTree = "<group>"; };
		9406C2171FB7CFA60024E2A0 /* DataStore.swift */ = {isa = PBXFileReference; lastKnownFileType = sourcecode.swift; path = DataStore.swift; sourceTree = "<group>"; };
		9406C2191FB7D07A0024E2A0 /* FileStorage.swift */ = {isa = PBXFileReference; lastKnownFileType = sourcecode.swift; path = FileStorage.swift; sourceTree = "<group>"; };
		9406C21B1FB7DB1E0024E2A0 /* ItemDataSource.swift */ = {isa = PBXFileReference; lastKnownFileType = sourcecode.swift; path = ItemDataSource.swift; sourceTree = "<group>"; };
		9406C21E1FB7FDD00024E2A0 /* CreateItemViewController.swift */ = {isa = PBXFileReference; lastKnownFileType = sourcecode.swift; path = CreateItemViewController.swift; sourceTree = "<group>"; };
		9406C2201FB7FE140024E2A0 /* CreateItemView.swift */ = {isa = PBXFileReference; lastKnownFileType = sourcecode.swift; path = CreateItemView.swift; sourceTree = "<group>"; };
		940E67631F5DA62A002E76AA /* AppCoordinator.swift */ = {isa = PBXFileReference; lastKnownFileType = sourcecode.swift; path = AppCoordinator.swift; sourceTree = "<group>"; };
		940E67661F5DB1E3002E76AA /* Colors.swift */ = {isa = PBXFileReference; lastKnownFileType = sourcecode.swift; path = Colors.swift; sourceTree = "<group>"; };
		9432DFA31F5DF9040075C7D3 /* Item.swift */ = {isa = PBXFileReference; lastKnownFileType = sourcecode.swift; path = Item.swift; sourceTree = "<group>"; };
		9432DFA81F5DFB560075C7D3 /* ItemCell.swift */ = {isa = PBXFileReference; lastKnownFileType = sourcecode.swift; path = ItemCell.swift; sourceTree = "<group>"; };
		947D4BBB1FA277A6005ED7BC /* ItemDetailsViewController.swift */ = {isa = PBXFileReference; lastKnownFileType = sourcecode.swift; path = ItemDetailsViewController.swift; sourceTree = "<group>"; };
		947D4BBD1FA278D6005ED7BC /* ItemDetailsView.swift */ = {isa = PBXFileReference; lastKnownFileType = sourcecode.swift; path = ItemDetailsView.swift; sourceTree = "<group>"; };
		947D4BC11FA27D65005ED7BC /* Tag.swift */ = {isa = PBXFileReference; lastKnownFileType = sourcecode.swift; path = Tag.swift; sourceTree = "<group>"; };
		94DBCA661F5CF56F0097061A /* LikeLike.app */ = {isa = PBXFileReference; explicitFileType = wrapper.application; includeInIndex = 0; path = LikeLike.app; sourceTree = BUILT_PRODUCTS_DIR; };
		94DBCA691F5CF56F0097061A /* AppDelegate.swift */ = {isa = PBXFileReference; lastKnownFileType = sourcecode.swift; path = AppDelegate.swift; sourceTree = "<group>"; };
		94DBCA6B1F5CF56F0097061A /* ItemsListViewController.swift */ = {isa = PBXFileReference; lastKnownFileType = sourcecode.swift; path = ItemsListViewController.swift; sourceTree = "<group>"; };
		94DBCA701F5CF56F0097061A /* Assets.xcassets */ = {isa = PBXFileReference; lastKnownFileType = folder.assetcatalog; path = Assets.xcassets; sourceTree = "<group>"; };
		94DBCA731F5CF56F0097061A /* Base */ = {isa = PBXFileReference; lastKnownFileType = file.storyboard; name = Base; path = Base.lproj/LaunchScreen.storyboard; sourceTree = "<group>"; };
		94DBCA751F5CF56F0097061A /* Info.plist */ = {isa = PBXFileReference; lastKnownFileType = text.plist.xml; path = Info.plist; sourceTree = "<group>"; };
		94DBCA7A1F5CF5700097061A /* LikeLikeTests.xctest */ = {isa = PBXFileReference; explicitFileType = wrapper.cfbundle; includeInIndex = 0; path = LikeLikeTests.xctest; sourceTree = BUILT_PRODUCTS_DIR; };
		94DBCA7E1F5CF5700097061A /* LikeLikeTests.swift */ = {isa = PBXFileReference; lastKnownFileType = sourcecode.swift; path = LikeLikeTests.swift; sourceTree = "<group>"; };
		94DBCA801F5CF5700097061A /* Info.plist */ = {isa = PBXFileReference; lastKnownFileType = text.plist.xml; path = Info.plist; sourceTree = "<group>"; };
/* End PBXFileReference section */

/* Begin PBXFrameworksBuildPhase section */
		94DBCA631F5CF56F0097061A /* Frameworks */ = {
			isa = PBXFrameworksBuildPhase;
			buildActionMask = 2147483647;
			files = (
			);
			runOnlyForDeploymentPostprocessing = 0;
		};
		94DBCA771F5CF5700097061A /* Frameworks */ = {
			isa = PBXFrameworksBuildPhase;
			buildActionMask = 2147483647;
			files = (
			);
			runOnlyForDeploymentPostprocessing = 0;
		};
/* End PBXFrameworksBuildPhase section */

/* Begin PBXGroup section */
		9406C2131FB7CE5C0024E2A0 /* Theme */ = {
			isa = PBXGroup;
			children = (
				940E67661F5DB1E3002E76AA /* Colors.swift */,
				9406C2111FB7C13E0024E2A0 /* Fonts.swift */,
			);
			path = Theme;
			sourceTree = "<group>";
		};
		9406C2161FB7CF470024E2A0 /* Persistence */ = {
			isa = PBXGroup;
			children = (
				9406C2171FB7CFA60024E2A0 /* DataStore.swift */,
				9406C2191FB7D07A0024E2A0 /* FileStorage.swift */,
			);
			path = Persistence;
			sourceTree = "<group>";
		};
		9406C21D1FB7FDAD0024E2A0 /* CreateItem */ = {
			isa = PBXGroup;
			children = (
				9406C21E1FB7FDD00024E2A0 /* CreateItemViewController.swift */,
				9406C2201FB7FE140024E2A0 /* CreateItemView.swift */,
			);
			path = CreateItem;
			sourceTree = "<group>";
		};
		940E67621F5DA5BB002E76AA /* Services */ = {
			isa = PBXGroup;
			children = (
				9406C2161FB7CF470024E2A0 /* Persistence */,
			);
			path = Services;
			sourceTree = "<group>";
		};
		940E67651F5DB12F002E76AA /* Application */ = {
			isa = PBXGroup;
			children = (
				F9889A111FB968D3006A9150 /* GUI */,
				9432DFA51F5DFA290075C7D3 /* Model */,
				9406C2131FB7CE5C0024E2A0 /* Theme */,
				94DBCA691F5CF56F0097061A /* AppDelegate.swift */,
				940E67631F5DA62A002E76AA /* AppCoordinator.swift */,
				94DBCA751F5CF56F0097061A /* Info.plist */,
			);
			path = Application;
			sourceTree = "<group>";
		};
		942454131F5DD1930019E067 /* ItemsList */ = {
			isa = PBXGroup;
			children = (
				94DBCA6B1F5CF56F0097061A /* ItemsListViewController.swift */,
				9432DFA81F5DFB560075C7D3 /* ItemCell.swift */,
				9406C21B1FB7DB1E0024E2A0 /* ItemDataSource.swift */,
			);
			path = ItemsList;
			sourceTree = "<group>";
		};
		942454141F5DD5C60019E067 /* Modules */ = {
			isa = PBXGroup;
			children = (
				9406C21D1FB7FDAD0024E2A0 /* CreateItem */,
				942454131F5DD1930019E067 /* ItemsList */,
				947D4BB81FA2774E005ED7BC /* ItemDetails */,
			);
			path = Modules;
			sourceTree = "<group>";
		};
		9432DFA51F5DFA290075C7D3 /* Model */ = {
			isa = PBXGroup;
			children = (
				9432DFA31F5DF9040075C7D3 /* Item.swift */,
				947D4BC11FA27D65005ED7BC /* Tag.swift */,
			);
			path = Model;
			sourceTree = "<group>";
		};
		947D4BB81FA2774E005ED7BC /* ItemDetails */ = {
			isa = PBXGroup;
			children = (
				947D4BBB1FA277A6005ED7BC /* ItemDetailsViewController.swift */,
				947D4BBD1FA278D6005ED7BC /* ItemDetailsView.swift */,
			);
			path = ItemDetails;
			sourceTree = "<group>";
		};
		94DBCA5D1F5CF56F0097061A = {
			isa = PBXGroup;
			children = (
				94DBCA681F5CF56F0097061A /* LikeLike */,
				94DBCA7D1F5CF5700097061A /* LikeLikeTests */,
				94DBCA671F5CF56F0097061A /* Products */,
			);
			sourceTree = "<group>";
		};
		94DBCA671F5CF56F0097061A /* Products */ = {
			isa = PBXGroup;
			children = (
				94DBCA661F5CF56F0097061A /* LikeLike.app */,
				94DBCA7A1F5CF5700097061A /* LikeLikeTests.xctest */,
			);
			name = Products;
			sourceTree = "<group>";
		};
		94DBCA681F5CF56F0097061A /* LikeLike */ = {
			isa = PBXGroup;
			children = (
				940E67651F5DB12F002E76AA /* Application */,
				942454141F5DD5C60019E067 /* Modules */,
				940E67621F5DA5BB002E76AA /* Services */,
			);
			path = LikeLike;
			sourceTree = "<group>";
		};
		94DBCA7D1F5CF5700097061A /* LikeLikeTests */ = {
			isa = PBXGroup;
			children = (
				94DBCA7E1F5CF5700097061A /* LikeLikeTests.swift */,
				94DBCA801F5CF5700097061A /* Info.plist */,
			);
			path = LikeLikeTests;
			sourceTree = "<group>";
		};
		F9889A111FB968D3006A9150 /* GUI */ = {
			isa = PBXGroup;
			children = (
				94DBCA701F5CF56F0097061A /* Assets.xcassets */,
				94DBCA721F5CF56F0097061A /* LaunchScreen.storyboard */,
			);
			path = GUI;
			sourceTree = "<group>";
		};
/* End PBXGroup section */

/* Begin PBXNativeTarget section */
		94DBCA651F5CF56F0097061A /* LikeLike */ = {
			isa = PBXNativeTarget;
			buildConfigurationList = 94DBCA831F5CF5700097061A /* Build configuration list for PBXNativeTarget "LikeLike" */;
			buildPhases = (
				94DBCA621F5CF56F0097061A /* Sources */,
				94DBCA631F5CF56F0097061A /* Frameworks */,
				94DBCA641F5CF56F0097061A /* Resources */,
			);
			buildRules = (
			);
			dependencies = (
			);
			name = LikeLike;
			productName = LikeLike;
			productReference = 94DBCA661F5CF56F0097061A /* LikeLike.app */;
			productType = "com.apple.product-type.application";
		};
		94DBCA791F5CF5700097061A /* LikeLikeTests */ = {
			isa = PBXNativeTarget;
			buildConfigurationList = 94DBCA861F5CF5700097061A /* Build configuration list for PBXNativeTarget "LikeLikeTests" */;
			buildPhases = (
				94DBCA761F5CF5700097061A /* Sources */,
				94DBCA771F5CF5700097061A /* Frameworks */,
				94DBCA781F5CF5700097061A /* Resources */,
			);
			buildRules = (
			);
			dependencies = (
				94DBCA7C1F5CF5700097061A /* PBXTargetDependency */,
			);
			name = LikeLikeTests;
			productName = LikeLikeTests;
			productReference = 94DBCA7A1F5CF5700097061A /* LikeLikeTests.xctest */;
			productType = "com.apple.product-type.bundle.unit-test";
		};
/* End PBXNativeTarget section */

/* Begin PBXProject section */
		94DBCA5E1F5CF56F0097061A /* Project object */ = {
			isa = PBXProject;
			attributes = {
				LastSwiftUpdateCheck = 0900;
				LastUpgradeCheck = 0900;
				ORGANIZATIONNAME = aranasaurus;
				TargetAttributes = {
					94DBCA651F5CF56F0097061A = {
						CreatedOnToolsVersion = 9.0;
						ProvisioningStyle = Automatic;
					};
					94DBCA791F5CF5700097061A = {
						CreatedOnToolsVersion = 9.0;
						ProvisioningStyle = Automatic;
						TestTargetID = 94DBCA651F5CF56F0097061A;
					};
				};
			};
			buildConfigurationList = 94DBCA611F5CF56F0097061A /* Build configuration list for PBXProject "LikeLike" */;
			compatibilityVersion = "Xcode 8.0";
			developmentRegion = en;
			hasScannedForEncodings = 0;
			knownRegions = (
				en,
				Base,
			);
			mainGroup = 94DBCA5D1F5CF56F0097061A;
			productRefGroup = 94DBCA671F5CF56F0097061A /* Products */;
			projectDirPath = "";
			projectRoot = "";
			targets = (
				94DBCA651F5CF56F0097061A /* LikeLike */,
				94DBCA791F5CF5700097061A /* LikeLikeTests */,
			);
		};
/* End PBXProject section */

/* Begin PBXResourcesBuildPhase section */
		94DBCA641F5CF56F0097061A /* Resources */ = {
			isa = PBXResourcesBuildPhase;
			buildActionMask = 2147483647;
			files = (
				94DBCA741F5CF56F0097061A /* LaunchScreen.storyboard in Resources */,
				94DBCA711F5CF56F0097061A /* Assets.xcassets in Resources */,
			);
			runOnlyForDeploymentPostprocessing = 0;
		};
		94DBCA781F5CF5700097061A /* Resources */ = {
			isa = PBXResourcesBuildPhase;
			buildActionMask = 2147483647;
			files = (
			);
			runOnlyForDeploymentPostprocessing = 0;
		};
/* End PBXResourcesBuildPhase section */

/* Begin PBXSourcesBuildPhase section */
		94DBCA621F5CF56F0097061A /* Sources */ = {
			isa = PBXSourcesBuildPhase;
			buildActionMask = 2147483647;
			files = (
				9406C21C1FB7DB1E0024E2A0 /* ItemDataSource.swift in Sources */,
				947D4BC21FA27D65005ED7BC /* Tag.swift in Sources */,
				9432DFA41F5DF9040075C7D3 /* Item.swift in Sources */,
				947D4BBE1FA278D6005ED7BC /* ItemDetailsView.swift in Sources */,
				940E67641F5DA62A002E76AA /* AppCoordinator.swift in Sources */,
				9406C2181FB7CFA60024E2A0 /* DataStore.swift in Sources */,
				9406C21A1FB7D07A0024E2A0 /* FileStorage.swift in Sources */,
				940E67671F5DB1E3002E76AA /* Colors.swift in Sources */,
				94DBCA6C1F5CF56F0097061A /* ItemsListViewController.swift in Sources */,
				9406C2121FB7C13E0024E2A0 /* Fonts.swift in Sources */,
				94DBCA6A1F5CF56F0097061A /* AppDelegate.swift in Sources */,
				9406C2211FB7FE140024E2A0 /* CreateItemView.swift in Sources */,
				9406C21F1FB7FDD00024E2A0 /* CreateItemViewController.swift in Sources */,
				9432DFA91F5DFB560075C7D3 /* ItemCell.swift in Sources */,
				947D4BBC1FA277A6005ED7BC /* ItemDetailsViewController.swift in Sources */,
			);
			runOnlyForDeploymentPostprocessing = 0;
		};
		94DBCA761F5CF5700097061A /* Sources */ = {
			isa = PBXSourcesBuildPhase;
			buildActionMask = 2147483647;
			files = (
				94DBCA7F1F5CF5700097061A /* LikeLikeTests.swift in Sources */,
			);
			runOnlyForDeploymentPostprocessing = 0;
		};
/* End PBXSourcesBuildPhase section */

/* Begin PBXTargetDependency section */
		94DBCA7C1F5CF5700097061A /* PBXTargetDependency */ = {
			isa = PBXTargetDependency;
			target = 94DBCA651F5CF56F0097061A /* LikeLike */;
			targetProxy = 94DBCA7B1F5CF5700097061A /* PBXContainerItemProxy */;
		};
/* End PBXTargetDependency section */

/* Begin PBXVariantGroup section */
		94DBCA721F5CF56F0097061A /* LaunchScreen.storyboard */ = {
			isa = PBXVariantGroup;
			children = (
				94DBCA731F5CF56F0097061A /* Base */,
			);
			name = LaunchScreen.storyboard;
			sourceTree = "<group>";
		};
/* End PBXVariantGroup section */

/* Begin XCBuildConfiguration section */
		94DBCA811F5CF5700097061A /* Debug */ = {
			isa = XCBuildConfiguration;
			buildSettings = {
				ALWAYS_SEARCH_USER_PATHS = NO;
				CLANG_ANALYZER_NONNULL = YES;
				CLANG_ANALYZER_NUMBER_OBJECT_CONVERSION = YES_AGGRESSIVE;
				CLANG_CXX_LANGUAGE_STANDARD = "gnu++14";
				CLANG_CXX_LIBRARY = "libc++";
				CLANG_ENABLE_MODULES = YES;
				CLANG_ENABLE_OBJC_ARC = YES;
				CLANG_WARN_BLOCK_CAPTURE_AUTORELEASING = YES;
				CLANG_WARN_BOOL_CONVERSION = YES;
				CLANG_WARN_COMMA = YES;
				CLANG_WARN_CONSTANT_CONVERSION = YES;
				CLANG_WARN_DIRECT_OBJC_ISA_USAGE = YES_ERROR;
				CLANG_WARN_DOCUMENTATION_COMMENTS = YES;
				CLANG_WARN_EMPTY_BODY = YES;
				CLANG_WARN_ENUM_CONVERSION = YES;
				CLANG_WARN_INFINITE_RECURSION = YES;
				CLANG_WARN_INT_CONVERSION = YES;
				CLANG_WARN_NON_LITERAL_NULL_CONVERSION = YES;
				CLANG_WARN_OBJC_LITERAL_CONVERSION = YES;
				CLANG_WARN_OBJC_ROOT_CLASS = YES_ERROR;
				CLANG_WARN_RANGE_LOOP_ANALYSIS = YES;
				CLANG_WARN_STRICT_PROTOTYPES = YES;
				CLANG_WARN_SUSPICIOUS_MOVE = YES;
				CLANG_WARN_UNGUARDED_AVAILABILITY = YES_AGGRESSIVE;
				CLANG_WARN_UNREACHABLE_CODE = YES;
				CLANG_WARN__DUPLICATE_METHOD_MATCH = YES;
				CODE_SIGN_IDENTITY = "iPhone Developer";
				COPY_PHASE_STRIP = NO;
				DEBUG_INFORMATION_FORMAT = dwarf;
				ENABLE_STRICT_OBJC_MSGSEND = YES;
				ENABLE_TESTABILITY = YES;
				GCC_C_LANGUAGE_STANDARD = gnu11;
				GCC_DYNAMIC_NO_PIC = NO;
				GCC_NO_COMMON_BLOCKS = YES;
				GCC_OPTIMIZATION_LEVEL = 0;
				GCC_PREPROCESSOR_DEFINITIONS = (
					"DEBUG=1",
					"$(inherited)",
				);
				GCC_WARN_64_TO_32_BIT_CONVERSION = YES;
				GCC_WARN_ABOUT_RETURN_TYPE = YES_ERROR;
				GCC_WARN_UNDECLARED_SELECTOR = YES;
				GCC_WARN_UNINITIALIZED_AUTOS = YES_AGGRESSIVE;
				GCC_WARN_UNUSED_FUNCTION = YES;
				GCC_WARN_UNUSED_VARIABLE = YES;
				IPHONEOS_DEPLOYMENT_TARGET = 11.0;
				MTL_ENABLE_DEBUG_INFO = YES;
				ONLY_ACTIVE_ARCH = YES;
				SDKROOT = iphoneos;
				SWIFT_ACTIVE_COMPILATION_CONDITIONS = DEBUG;
				SWIFT_OPTIMIZATION_LEVEL = "-Onone";
			};
			name = Debug;
		};
		94DBCA821F5CF5700097061A /* Release */ = {
			isa = XCBuildConfiguration;
			buildSettings = {
				ALWAYS_SEARCH_USER_PATHS = NO;
				CLANG_ANALYZER_NONNULL = YES;
				CLANG_ANALYZER_NUMBER_OBJECT_CONVERSION = YES_AGGRESSIVE;
				CLANG_CXX_LANGUAGE_STANDARD = "gnu++14";
				CLANG_CXX_LIBRARY = "libc++";
				CLANG_ENABLE_MODULES = YES;
				CLANG_ENABLE_OBJC_ARC = YES;
				CLANG_WARN_BLOCK_CAPTURE_AUTORELEASING = YES;
				CLANG_WARN_BOOL_CONVERSION = YES;
				CLANG_WARN_COMMA = YES;
				CLANG_WARN_CONSTANT_CONVERSION = YES;
				CLANG_WARN_DIRECT_OBJC_ISA_USAGE = YES_ERROR;
				CLANG_WARN_DOCUMENTATION_COMMENTS = YES;
				CLANG_WARN_EMPTY_BODY = YES;
				CLANG_WARN_ENUM_CONVERSION = YES;
				CLANG_WARN_INFINITE_RECURSION = YES;
				CLANG_WARN_INT_CONVERSION = YES;
				CLANG_WARN_NON_LITERAL_NULL_CONVERSION = YES;
				CLANG_WARN_OBJC_LITERAL_CONVERSION = YES;
				CLANG_WARN_OBJC_ROOT_CLASS = YES_ERROR;
				CLANG_WARN_RANGE_LOOP_ANALYSIS = YES;
				CLANG_WARN_STRICT_PROTOTYPES = YES;
				CLANG_WARN_SUSPICIOUS_MOVE = YES;
				CLANG_WARN_UNGUARDED_AVAILABILITY = YES_AGGRESSIVE;
				CLANG_WARN_UNREACHABLE_CODE = YES;
				CLANG_WARN__DUPLICATE_METHOD_MATCH = YES;
				CODE_SIGN_IDENTITY = "iPhone Developer";
				COPY_PHASE_STRIP = NO;
				DEBUG_INFORMATION_FORMAT = "dwarf-with-dsym";
				ENABLE_NS_ASSERTIONS = NO;
				ENABLE_STRICT_OBJC_MSGSEND = YES;
				GCC_C_LANGUAGE_STANDARD = gnu11;
				GCC_NO_COMMON_BLOCKS = YES;
				GCC_WARN_64_TO_32_BIT_CONVERSION = YES;
				GCC_WARN_ABOUT_RETURN_TYPE = YES_ERROR;
				GCC_WARN_UNDECLARED_SELECTOR = YES;
				GCC_WARN_UNINITIALIZED_AUTOS = YES_AGGRESSIVE;
				GCC_WARN_UNUSED_FUNCTION = YES;
				GCC_WARN_UNUSED_VARIABLE = YES;
				IPHONEOS_DEPLOYMENT_TARGET = 11.0;
				MTL_ENABLE_DEBUG_INFO = NO;
				SDKROOT = iphoneos;
				SWIFT_OPTIMIZATION_LEVEL = "-Owholemodule";
				VALIDATE_PRODUCT = YES;
			};
			name = Release;
		};
		94DBCA841F5CF5700097061A /* Debug */ = {
			isa = XCBuildConfiguration;
			buildSettings = {
				ASSETCATALOG_COMPILER_APPICON_NAME = AppIcon;
				CODE_SIGN_STYLE = Automatic;
				DEVELOPMENT_TEAM = JCYYKWU6KX;
				INFOPLIST_FILE = LikeLike/Info.plist;
				LD_RUNPATH_SEARCH_PATHS = "$(inherited) @executable_path/Frameworks";
				PRODUCT_BUNDLE_IDENTIFIER = com.aranasaurus.LikeLike;
				PRODUCT_NAME = "$(TARGET_NAME)";
				SWIFT_VERSION = 4.0;
				TARGETED_DEVICE_FAMILY = 1;
			};
			name = Debug;
		};
		94DBCA851F5CF5700097061A /* Release */ = {
			isa = XCBuildConfiguration;
			buildSettings = {
				ASSETCATALOG_COMPILER_APPICON_NAME = AppIcon;
				CODE_SIGN_STYLE = Automatic;
				DEVELOPMENT_TEAM = JCYYKWU6KX;
				INFOPLIST_FILE = LikeLike/Info.plist;
				LD_RUNPATH_SEARCH_PATHS = "$(inherited) @executable_path/Frameworks";
				PRODUCT_BUNDLE_IDENTIFIER = com.aranasaurus.LikeLike;
				PRODUCT_NAME = "$(TARGET_NAME)";
				SWIFT_VERSION = 4.0;
				TARGETED_DEVICE_FAMILY = 1;
			};
			name = Release;
		};
		94DBCA871F5CF5700097061A /* Debug */ = {
			isa = XCBuildConfiguration;
			buildSettings = {
				ALWAYS_EMBED_SWIFT_STANDARD_LIBRARIES = YES;
				BUNDLE_LOADER = "$(TEST_HOST)";
				CODE_SIGN_STYLE = Automatic;
				DEVELOPMENT_TEAM = T5W7QCPA7Q;
				INFOPLIST_FILE = LikeLikeTests/Info.plist;
				LD_RUNPATH_SEARCH_PATHS = "$(inherited) @executable_path/Frameworks @loader_path/Frameworks";
				PRODUCT_BUNDLE_IDENTIFIER = com.aranasaurus.LikeLikeTests;
				PRODUCT_NAME = "$(TARGET_NAME)";
				SWIFT_VERSION = 4.0;
				TARGETED_DEVICE_FAMILY = "1,2";
				TEST_HOST = "$(BUILT_PRODUCTS_DIR)/LikeLike.app/LikeLike";
			};
			name = Debug;
		};
		94DBCA881F5CF5700097061A /* Release */ = {
			isa = XCBuildConfiguration;
			buildSettings = {
				ALWAYS_EMBED_SWIFT_STANDARD_LIBRARIES = YES;
				BUNDLE_LOADER = "$(TEST_HOST)";
				CODE_SIGN_STYLE = Automatic;
				DEVELOPMENT_TEAM = T5W7QCPA7Q;
				INFOPLIST_FILE = LikeLikeTests/Info.plist;
				LD_RUNPATH_SEARCH_PATHS = "$(inherited) @executable_path/Frameworks @loader_path/Frameworks";
				PRODUCT_BUNDLE_IDENTIFIER = com.aranasaurus.LikeLikeTests;
				PRODUCT_NAME = "$(TARGET_NAME)";
				SWIFT_VERSION = 4.0;
				TARGETED_DEVICE_FAMILY = "1,2";
				TEST_HOST = "$(BUILT_PRODUCTS_DIR)/LikeLike.app/LikeLike";
			};
			name = Release;
		};
/* End XCBuildConfiguration section */

/* Begin XCConfigurationList section */
		94DBCA611F5CF56F0097061A /* Build configuration list for PBXProject "LikeLike" */ = {
			isa = XCConfigurationList;
			buildConfigurations = (
				94DBCA811F5CF5700097061A /* Debug */,
				94DBCA821F5CF5700097061A /* Release */,
			);
			defaultConfigurationIsVisible = 0;
			defaultConfigurationName = Release;
		};
		94DBCA831F5CF5700097061A /* Build configuration list for PBXNativeTarget "LikeLike" */ = {
			isa = XCConfigurationList;
			buildConfigurations = (
				94DBCA841F5CF5700097061A /* Debug */,
				94DBCA851F5CF5700097061A /* Release */,
			);
			defaultConfigurationIsVisible = 0;
			defaultConfigurationName = Release;
		};
		94DBCA861F5CF5700097061A /* Build configuration list for PBXNativeTarget "LikeLikeTests" */ = {
			isa = XCConfigurationList;
			buildConfigurations = (
				94DBCA871F5CF5700097061A /* Debug */,
				94DBCA881F5CF5700097061A /* Release */,
			);
			defaultConfigurationIsVisible = 0;
			defaultConfigurationName = Release;
		};
/* End XCConfigurationList section */
	};
	rootObject = 94DBCA5E1F5CF56F0097061A /* Project object */;
}
