// !$*UTF8*$!
{
	archiveVersion = 1;
	classes = {
	};
	objectVersion = 46;
	objects = {

/* Begin PBXBuildFile section */
		9410F13F1A8F41A600E05AAB /* Realm.framework in Frameworks */ = {isa = PBXBuildFile; fileRef = 946776431A8F3E7B00A00790 /* Realm.framework */; };
		946776461A8F3E9100A00790 /* RLMSupport.swift in Sources */ = {isa = PBXBuildFile; fileRef = 946776451A8F3E9100A00790 /* RLMSupport.swift */; };
		9467764A1A8F3F5100A00790 /* libc++.dylib in Frameworks */ = {isa = PBXBuildFile; fileRef = 946776491A8F3F5100A00790 /* libc++.dylib */; };
		94907D341A757A8A0057A724 /* AppDelegate.swift in Sources */ = {isa = PBXBuildFile; fileRef = 94907D331A757A8A0057A724 /* AppDelegate.swift */; };
		94907D391A757A8A0057A724 /* MasterViewController.swift in Sources */ = {isa = PBXBuildFile; fileRef = 94907D381A757A8A0057A724 /* MasterViewController.swift */; };
		94907D3B1A757A8A0057A724 /* DetailViewController.swift in Sources */ = {isa = PBXBuildFile; fileRef = 94907D3A1A757A8A0057A724 /* DetailViewController.swift */; };
		94907D3E1A757A8A0057A724 /* Main.storyboard in Resources */ = {isa = PBXBuildFile; fileRef = 94907D3C1A757A8A0057A724 /* Main.storyboard */; };
		94907D401A757A8A0057A724 /* Images.xcassets in Resources */ = {isa = PBXBuildFile; fileRef = 94907D3F1A757A8A0057A724 /* Images.xcassets */; };
		94907D431A757A8A0057A724 /* LaunchScreen.xib in Resources */ = {isa = PBXBuildFile; fileRef = 94907D411A757A8A0057A724 /* LaunchScreen.xib */; };
		94907D4F1A757A8A0057A724 /* ratings_appTests.swift in Sources */ = {isa = PBXBuildFile; fileRef = 94907D4E1A757A8A0057A724 /* ratings_appTests.swift */; };
		94A5FA851A90862700AC38C7 /* RealmExtensions.swift in Sources */ = {isa = PBXBuildFile; fileRef = 94A5FA841A90862700AC38C7 /* RealmExtensions.swift */; };
		94F81B681A75B94200DA6AC0 /* Item.swift in Sources */ = {isa = PBXBuildFile; fileRef = 94F81B671A75B94200DA6AC0 /* Item.swift */; };
		94F81B6A1A75B94200DA6AC0 /* Tag.swift in Sources */ = {isa = PBXBuildFile; fileRef = 94F81B691A75B94200DA6AC0 /* Tag.swift */; };
		94F81B6C1A75C4D100DA6AC0 /* ItemTableViewCell.swift in Sources */ = {isa = PBXBuildFile; fileRef = 94F81B6B1A75C4D100DA6AC0 /* ItemTableViewCell.swift */; };
/* End PBXBuildFile section */

/* Begin PBXContainerItemProxy section */
		94907D491A757A8A0057A724 /* PBXContainerItemProxy */ = {
			isa = PBXContainerItemProxy;
			containerPortal = 94907D261A757A8A0057A724 /* Project object */;
			proxyType = 1;
			remoteGlobalIDString = 94907D2D1A757A8A0057A724;
			remoteInfo = "ratings-app";
		};
/* End PBXContainerItemProxy section */

/* Begin PBXFileReference section */
		946776431A8F3E7B00A00790 /* Realm.framework */ = {isa = PBXFileReference; lastKnownFileType = wrapper.framework; name = Realm.framework; path = ext/Realm.framework; sourceTree = "<group>"; };
		946776451A8F3E9100A00790 /* RLMSupport.swift */ = {isa = PBXFileReference; fileEncoding = 4; lastKnownFileType = sourcecode.swift; name = RLMSupport.swift; path = ext/RLMSupport.swift; sourceTree = "<group>"; };
		946776491A8F3F5100A00790 /* libc++.dylib */ = {isa = PBXFileReference; lastKnownFileType = "compiled.mach-o.dylib"; name = "libc++.dylib"; path = "usr/lib/libc++.dylib"; sourceTree = SDKROOT; };
		94907D2E1A757A8A0057A724 /* ratings-app.app */ = {isa = PBXFileReference; explicitFileType = wrapper.application; includeInIndex = 0; path = "ratings-app.app"; sourceTree = BUILT_PRODUCTS_DIR; };
		94907D321A757A8A0057A724 /* Info.plist */ = {isa = PBXFileReference; lastKnownFileType = text.plist.xml; path = Info.plist; sourceTree = "<group>"; };
		94907D331A757A8A0057A724 /* AppDelegate.swift */ = {isa = PBXFileReference; lastKnownFileType = sourcecode.swift; path = AppDelegate.swift; sourceTree = "<group>"; };
		94907D381A757A8A0057A724 /* MasterViewController.swift */ = {isa = PBXFileReference; lastKnownFileType = sourcecode.swift; name = MasterViewController.swift; path = UI/MasterViewController.swift; sourceTree = "<group>"; };
		94907D3A1A757A8A0057A724 /* DetailViewController.swift */ = {isa = PBXFileReference; lastKnownFileType = sourcecode.swift; name = DetailViewController.swift; path = UI/DetailViewController.swift; sourceTree = "<group>"; };
		94907D3D1A757A8A0057A724 /* Base */ = {isa = PBXFileReference; lastKnownFileType = file.storyboard; name = Base; path = Base.lproj/Main.storyboard; sourceTree = "<group>"; };
		94907D3F1A757A8A0057A724 /* Images.xcassets */ = {isa = PBXFileReference; lastKnownFileType = folder.assetcatalog; path = Images.xcassets; sourceTree = "<group>"; };
		94907D421A757A8A0057A724 /* Base */ = {isa = PBXFileReference; lastKnownFileType = file.xib; name = Base; path = Base.lproj/LaunchScreen.xib; sourceTree = "<group>"; };
		94907D481A757A8A0057A724 /* ratings-appTests.xctest */ = {isa = PBXFileReference; explicitFileType = wrapper.cfbundle; includeInIndex = 0; path = "ratings-appTests.xctest"; sourceTree = BUILT_PRODUCTS_DIR; };
		94907D4D1A757A8A0057A724 /* Info.plist */ = {isa = PBXFileReference; lastKnownFileType = text.plist.xml; path = Info.plist; sourceTree = "<group>"; };
		94907D4E1A757A8A0057A724 /* ratings_appTests.swift */ = {isa = PBXFileReference; lastKnownFileType = sourcecode.swift; path = ratings_appTests.swift; sourceTree = "<group>"; };
		94A5FA841A90862700AC38C7 /* RealmExtensions.swift */ = {isa = PBXFileReference; fileEncoding = 4; lastKnownFileType = sourcecode.swift; name = RealmExtensions.swift; path = Data/RealmExtensions.swift; sourceTree = "<group>"; };
		94F81B671A75B94200DA6AC0 /* Item.swift */ = {isa = PBXFileReference; fileEncoding = 4; lastKnownFileType = sourcecode.swift; name = Item.swift; path = Data/Item.swift; sourceTree = "<group>"; };
		94F81B691A75B94200DA6AC0 /* Tag.swift */ = {isa = PBXFileReference; fileEncoding = 4; lastKnownFileType = sourcecode.swift; name = Tag.swift; path = Data/Tag.swift; sourceTree = "<group>"; };
		94F81B6B1A75C4D100DA6AC0 /* ItemTableViewCell.swift */ = {isa = PBXFileReference; fileEncoding = 4; lastKnownFileType = sourcecode.swift; name = ItemTableViewCell.swift; path = UI/ItemTableViewCell.swift; sourceTree = "<group>"; };
/* End PBXFileReference section */

/* Begin PBXFrameworksBuildPhase section */
		94907D2B1A757A8A0057A724 /* Frameworks */ = {
			isa = PBXFrameworksBuildPhase;
			buildActionMask = 2147483647;
			files = (
				9467764A1A8F3F5100A00790 /* libc++.dylib in Frameworks */,
				9410F13F1A8F41A600E05AAB /* Realm.framework in Frameworks */,
			);
			runOnlyForDeploymentPostprocessing = 0;
		};
		94907D451A757A8A0057A724 /* Frameworks */ = {
			isa = PBXFrameworksBuildPhase;
			buildActionMask = 2147483647;
			files = (
			);
			runOnlyForDeploymentPostprocessing = 0;
		};
/* End PBXFrameworksBuildPhase section */

/* Begin PBXGroup section */
		9410F1401A8F42DC00E05AAB /* UI */ = {
			isa = PBXGroup;
			children = (
				94A5FA831A8FC8B500AC38C7 /* Controllers */,
				94F81B6B1A75C4D100DA6AC0 /* ItemTableViewCell.swift */,
				94907D3C1A757A8A0057A724 /* Main.storyboard */,
			);
			name = UI;
			sourceTree = "<group>";
		};
		946776471A8F3E9A00A00790 /* ext */ = {
			isa = PBXGroup;
			children = (
				946776481A8F3EB500A00790 /* Realm */,
			);
			name = ext;
			sourceTree = "<group>";
		};
		946776481A8F3EB500A00790 /* Realm */ = {
			isa = PBXGroup;
			children = (
				946776451A8F3E9100A00790 /* RLMSupport.swift */,
				946776491A8F3F5100A00790 /* libc++.dylib */,
				946776431A8F3E7B00A00790 /* Realm.framework */,
			);
			name = Realm;
			sourceTree = "<group>";
		};
		94907D251A757A8A0057A724 = {
			isa = PBXGroup;
			children = (
				94907D301A757A8A0057A724 /* ratings-app */,
				94907D4B1A757A8A0057A724 /* ratings-appTests */,
				94907D2F1A757A8A0057A724 /* Products */,
			);
			sourceTree = "<group>";
		};
		94907D2F1A757A8A0057A724 /* Products */ = {
			isa = PBXGroup;
			children = (
				94907D2E1A757A8A0057A724 /* ratings-app.app */,
				94907D481A757A8A0057A724 /* ratings-appTests.xctest */,
			);
			name = Products;
			sourceTree = "<group>";
		};
		94907D301A757A8A0057A724 /* ratings-app */ = {
			isa = PBXGroup;
			children = (
				946776471A8F3E9A00A00790 /* ext */,
				94F81B641A75A99400DA6AC0 /* Data */,
				9410F1401A8F42DC00E05AAB /* UI */,
				94907D331A757A8A0057A724 /* AppDelegate.swift */,
				94907D311A757A8A0057A724 /* Supporting Files */,
			);
			path = "ratings-app";
			sourceTree = "<group>";
		};
		94907D311A757A8A0057A724 /* Supporting Files */ = {
			isa = PBXGroup;
			children = (
				94907D3F1A757A8A0057A724 /* Images.xcassets */,
				94907D411A757A8A0057A724 /* LaunchScreen.xib */,
				94907D321A757A8A0057A724 /* Info.plist */,
			);
			name = "Supporting Files";
			sourceTree = "<group>";
		};
		94907D4B1A757A8A0057A724 /* ratings-appTests */ = {
			isa = PBXGroup;
			children = (
				94907D4E1A757A8A0057A724 /* ratings_appTests.swift */,
				94907D4C1A757A8A0057A724 /* Supporting Files */,
			);
			path = "ratings-appTests";
			sourceTree = "<group>";
		};
		94907D4C1A757A8A0057A724 /* Supporting Files */ = {
			isa = PBXGroup;
			children = (
				94907D4D1A757A8A0057A724 /* Info.plist */,
			);
			name = "Supporting Files";
			sourceTree = "<group>";
		};
		94A5FA831A8FC8B500AC38C7 /* Controllers */ = {
			isa = PBXGroup;
			children = (
				94907D381A757A8A0057A724 /* MasterViewController.swift */,
				94907D3A1A757A8A0057A724 /* DetailViewController.swift */,
			);
			name = Controllers;
			sourceTree = "<group>";
		};
		94F81B641A75A99400DA6AC0 /* Data */ = {
			isa = PBXGroup;
			children = (
				94F81B691A75B94200DA6AC0 /* Tag.swift */,
				94F81B671A75B94200DA6AC0 /* Item.swift */,
				94A5FA841A90862700AC38C7 /* RealmExtensions.swift */,
			);
			name = Data;
			sourceTree = "<group>";
		};
/* End PBXGroup section */

/* Begin PBXNativeTarget section */
		94907D2D1A757A8A0057A724 /* ratings-app */ = {
			isa = PBXNativeTarget;
			buildConfigurationList = 94907D521A757A8A0057A724 /* Build configuration list for PBXNativeTarget "ratings-app" */;
			buildPhases = (
				94907D2A1A757A8A0057A724 /* Sources */,
				94907D2B1A757A8A0057A724 /* Frameworks */,
				94907D2C1A757A8A0057A724 /* Resources */,
			);
			buildRules = (
			);
			dependencies = (
			);
			name = "ratings-app";
			productName = "ratings-app";
			productReference = 94907D2E1A757A8A0057A724 /* ratings-app.app */;
			productType = "com.apple.product-type.application";
		};
		94907D471A757A8A0057A724 /* ratings-appTests */ = {
			isa = PBXNativeTarget;
			buildConfigurationList = 94907D551A757A8A0057A724 /* Build configuration list for PBXNativeTarget "ratings-appTests" */;
			buildPhases = (
				94907D441A757A8A0057A724 /* Sources */,
				94907D451A757A8A0057A724 /* Frameworks */,
				94907D461A757A8A0057A724 /* Resources */,
			);
			buildRules = (
			);
			dependencies = (
				94907D4A1A757A8A0057A724 /* PBXTargetDependency */,
			);
			name = "ratings-appTests";
			productName = "ratings-appTests";
			productReference = 94907D481A757A8A0057A724 /* ratings-appTests.xctest */;
			productType = "com.apple.product-type.bundle.unit-test";
		};
/* End PBXNativeTarget section */

/* Begin PBXProject section */
		94907D261A757A8A0057A724 /* Project object */ = {
			isa = PBXProject;
			attributes = {
				LastUpgradeCheck = 0610;
				ORGANIZATIONNAME = "Ryan Arana";
				TargetAttributes = {
					94907D2D1A757A8A0057A724 = {
						CreatedOnToolsVersion = 6.1.1;
					};
					94907D471A757A8A0057A724 = {
						CreatedOnToolsVersion = 6.1.1;
						TestTargetID = 94907D2D1A757A8A0057A724;
					};
				};
			};
			buildConfigurationList = 94907D291A757A8A0057A724 /* Build configuration list for PBXProject "ratings-app" */;
			compatibilityVersion = "Xcode 3.2";
			developmentRegion = English;
			hasScannedForEncodings = 0;
			knownRegions = (
				en,
				Base,
			);
			mainGroup = 94907D251A757A8A0057A724;
			productRefGroup = 94907D2F1A757A8A0057A724 /* Products */;
			projectDirPath = "";
			projectRoot = "";
			targets = (
				94907D2D1A757A8A0057A724 /* ratings-app */,
				94907D471A757A8A0057A724 /* ratings-appTests */,
			);
		};
/* End PBXProject section */

/* Begin PBXResourcesBuildPhase section */
		94907D2C1A757A8A0057A724 /* Resources */ = {
			isa = PBXResourcesBuildPhase;
			buildActionMask = 2147483647;
			files = (
				94907D3E1A757A8A0057A724 /* Main.storyboard in Resources */,
				94907D431A757A8A0057A724 /* LaunchScreen.xib in Resources */,
				94907D401A757A8A0057A724 /* Images.xcassets in Resources */,
			);
			runOnlyForDeploymentPostprocessing = 0;
		};
		94907D461A757A8A0057A724 /* Resources */ = {
			isa = PBXResourcesBuildPhase;
			buildActionMask = 2147483647;
			files = (
			);
			runOnlyForDeploymentPostprocessing = 0;
		};
/* End PBXResourcesBuildPhase section */

/* Begin PBXSourcesBuildPhase section */
		94907D2A1A757A8A0057A724 /* Sources */ = {
			isa = PBXSourcesBuildPhase;
			buildActionMask = 2147483647;
			files = (
				94907D341A757A8A0057A724 /* AppDelegate.swift in Sources */,
				94A5FA851A90862700AC38C7 /* RealmExtensions.swift in Sources */,
				94907D391A757A8A0057A724 /* MasterViewController.swift in Sources */,
				946776461A8F3E9100A00790 /* RLMSupport.swift in Sources */,
				94F81B6A1A75B94200DA6AC0 /* Tag.swift in Sources */,
				94F81B6C1A75C4D100DA6AC0 /* ItemTableViewCell.swift in Sources */,
				94F81B681A75B94200DA6AC0 /* Item.swift in Sources */,
				94907D3B1A757A8A0057A724 /* DetailViewController.swift in Sources */,
			);
			runOnlyForDeploymentPostprocessing = 0;
		};
		94907D441A757A8A0057A724 /* Sources */ = {
			isa = PBXSourcesBuildPhase;
			buildActionMask = 2147483647;
			files = (
				94907D4F1A757A8A0057A724 /* ratings_appTests.swift in Sources */,
			);
			runOnlyForDeploymentPostprocessing = 0;
		};
/* End PBXSourcesBuildPhase section */

/* Begin PBXTargetDependency section */
		94907D4A1A757A8A0057A724 /* PBXTargetDependency */ = {
			isa = PBXTargetDependency;
			target = 94907D2D1A757A8A0057A724 /* ratings-app */;
			targetProxy = 94907D491A757A8A0057A724 /* PBXContainerItemProxy */;
		};
/* End PBXTargetDependency section */

/* Begin PBXVariantGroup section */
		94907D3C1A757A8A0057A724 /* Main.storyboard */ = {
			isa = PBXVariantGroup;
			children = (
				94907D3D1A757A8A0057A724 /* Base */,
			);
			name = Main.storyboard;
			sourceTree = "<group>";
		};
		94907D411A757A8A0057A724 /* LaunchScreen.xib */ = {
			isa = PBXVariantGroup;
			children = (
				94907D421A757A8A0057A724 /* Base */,
			);
			name = LaunchScreen.xib;
			sourceTree = "<group>";
		};
/* End PBXVariantGroup section */

/* Begin XCBuildConfiguration section */
		94907D501A757A8A0057A724 /* Debug */ = {
			isa = XCBuildConfiguration;
			buildSettings = {
				ALWAYS_SEARCH_USER_PATHS = NO;
				CLANG_CXX_LANGUAGE_STANDARD = "gnu++0x";
				CLANG_CXX_LIBRARY = "libc++";
				CLANG_ENABLE_MODULES = YES;
				CLANG_ENABLE_OBJC_ARC = YES;
				CLANG_WARN_BOOL_CONVERSION = YES;
				CLANG_WARN_CONSTANT_CONVERSION = YES;
				CLANG_WARN_DIRECT_OBJC_ISA_USAGE = YES_ERROR;
				CLANG_WARN_EMPTY_BODY = YES;
				CLANG_WARN_ENUM_CONVERSION = YES;
				CLANG_WARN_INT_CONVERSION = YES;
				CLANG_WARN_OBJC_ROOT_CLASS = YES_ERROR;
				CLANG_WARN_UNREACHABLE_CODE = YES;
				CLANG_WARN__DUPLICATE_METHOD_MATCH = YES;
				"CODE_SIGN_IDENTITY[sdk=iphoneos*]" = "iPhone Developer";
				COPY_PHASE_STRIP = NO;
				ENABLE_STRICT_OBJC_MSGSEND = YES;
				GCC_C_LANGUAGE_STANDARD = gnu99;
				GCC_DYNAMIC_NO_PIC = NO;
				GCC_OPTIMIZATION_LEVEL = 0;
				GCC_PREPROCESSOR_DEFINITIONS = (
					"DEBUG=1",
					"$(inherited)",
				);
				GCC_SYMBOLS_PRIVATE_EXTERN = NO;
				GCC_WARN_64_TO_32_BIT_CONVERSION = YES;
				GCC_WARN_ABOUT_RETURN_TYPE = YES_ERROR;
				GCC_WARN_UNDECLARED_SELECTOR = YES;
				GCC_WARN_UNINITIALIZED_AUTOS = YES_AGGRESSIVE;
				GCC_WARN_UNUSED_FUNCTION = YES;
				GCC_WARN_UNUSED_VARIABLE = YES;
				IPHONEOS_DEPLOYMENT_TARGET = 8.1;
				MTL_ENABLE_DEBUG_INFO = YES;
				ONLY_ACTIVE_ARCH = YES;
				SDKROOT = iphoneos;
				SWIFT_OPTIMIZATION_LEVEL = "-Onone";
				TARGETED_DEVICE_FAMILY = "1,2";
			};
			name = Debug;
		};
		94907D511A757A8A0057A724 /* Release */ = {
			isa = XCBuildConfiguration;
			buildSettings = {
				ALWAYS_SEARCH_USER_PATHS = NO;
				CLANG_CXX_LANGUAGE_STANDARD = "gnu++0x";
				CLANG_CXX_LIBRARY = "libc++";
				CLANG_ENABLE_MODULES = YES;
				CLANG_ENABLE_OBJC_ARC = YES;
				CLANG_WARN_BOOL_CONVERSION = YES;
				CLANG_WARN_CONSTANT_CONVERSION = YES;
				CLANG_WARN_DIRECT_OBJC_ISA_USAGE = YES_ERROR;
				CLANG_WARN_EMPTY_BODY = YES;
				CLANG_WARN_ENUM_CONVERSION = YES;
				CLANG_WARN_INT_CONVERSION = YES;
				CLANG_WARN_OBJC_ROOT_CLASS = YES_ERROR;
				CLANG_WARN_UNREACHABLE_CODE = YES;
				CLANG_WARN__DUPLICATE_METHOD_MATCH = YES;
				"CODE_SIGN_IDENTITY[sdk=iphoneos*]" = "iPhone Developer";
				COPY_PHASE_STRIP = YES;
				ENABLE_NS_ASSERTIONS = NO;
				ENABLE_STRICT_OBJC_MSGSEND = YES;
				GCC_C_LANGUAGE_STANDARD = gnu99;
				GCC_WARN_64_TO_32_BIT_CONVERSION = YES;
				GCC_WARN_ABOUT_RETURN_TYPE = YES_ERROR;
				GCC_WARN_UNDECLARED_SELECTOR = YES;
				GCC_WARN_UNINITIALIZED_AUTOS = YES_AGGRESSIVE;
				GCC_WARN_UNUSED_FUNCTION = YES;
				GCC_WARN_UNUSED_VARIABLE = YES;
				IPHONEOS_DEPLOYMENT_TARGET = 8.1;
				MTL_ENABLE_DEBUG_INFO = NO;
				SDKROOT = iphoneos;
				TARGETED_DEVICE_FAMILY = "1,2";
				VALIDATE_PRODUCT = YES;
			};
			name = Release;
		};
		94907D531A757A8A0057A724 /* Debug */ = {
			isa = XCBuildConfiguration;
			buildSettings = {
				ASSETCATALOG_COMPILER_APPICON_NAME = AppIcon;
				FRAMEWORK_SEARCH_PATHS = (
					"$(inherited)",
					"$(PROJECT_DIR)/ratings-app",
					"$(PROJECT_DIR)/ratings-app/ext",
				);
				INFOPLIST_FILE = "ratings-app/Info.plist";
				LD_RUNPATH_SEARCH_PATHS = "$(inherited) @executable_path/Frameworks";
				PRODUCT_NAME = "$(TARGET_NAME)";
			};
			name = Debug;
		};
		94907D541A757A8A0057A724 /* Release */ = {
			isa = XCBuildConfiguration;
			buildSettings = {
				ASSETCATALOG_COMPILER_APPICON_NAME = AppIcon;
				FRAMEWORK_SEARCH_PATHS = (
					"$(inherited)",
					"$(PROJECT_DIR)/ratings-app",
					"$(PROJECT_DIR)/ratings-app/ext",
				);
				INFOPLIST_FILE = "ratings-app/Info.plist";
				LD_RUNPATH_SEARCH_PATHS = "$(inherited) @executable_path/Frameworks";
				PRODUCT_NAME = "$(TARGET_NAME)";
			};
			name = Release;
		};
		94907D561A757A8A0057A724 /* Debug */ = {
			isa = XCBuildConfiguration;
			buildSettings = {
				BUNDLE_LOADER = "$(TEST_HOST)";
				FRAMEWORK_SEARCH_PATHS = (
					"$(SDKROOT)/Developer/Library/Frameworks",
					"$(inherited)",
				);
				GCC_PREPROCESSOR_DEFINITIONS = (
					"DEBUG=1",
					"$(inherited)",
				);
				INFOPLIST_FILE = "ratings-appTests/Info.plist";
				LD_RUNPATH_SEARCH_PATHS = "$(inherited) @executable_path/Frameworks @loader_path/Frameworks";
				PRODUCT_NAME = "$(TARGET_NAME)";
				TEST_HOST = "$(BUILT_PRODUCTS_DIR)/ratings-app.app/ratings-app";
			};
			name = Debug;
		};
		94907D571A757A8A0057A724 /* Release */ = {
			isa = XCBuildConfiguration;
			buildSettings = {
				BUNDLE_LOADER = "$(TEST_HOST)";
				FRAMEWORK_SEARCH_PATHS = (
					"$(SDKROOT)/Developer/Library/Frameworks",
					"$(inherited)",
				);
				INFOPLIST_FILE = "ratings-appTests/Info.plist";
				LD_RUNPATH_SEARCH_PATHS = "$(inherited) @executable_path/Frameworks @loader_path/Frameworks";
				PRODUCT_NAME = "$(TARGET_NAME)";
				TEST_HOST = "$(BUILT_PRODUCTS_DIR)/ratings-app.app/ratings-app";
			};
			name = Release;
		};
/* End XCBuildConfiguration section */

/* Begin XCConfigurationList section */
		94907D291A757A8A0057A724 /* Build configuration list for PBXProject "ratings-app" */ = {
			isa = XCConfigurationList;
			buildConfigurations = (
				94907D501A757A8A0057A724 /* Debug */,
				94907D511A757A8A0057A724 /* Release */,
			);
			defaultConfigurationIsVisible = 0;
			defaultConfigurationName = Release;
		};
		94907D521A757A8A0057A724 /* Build configuration list for PBXNativeTarget "ratings-app" */ = {
			isa = XCConfigurationList;
			buildConfigurations = (
				94907D531A757A8A0057A724 /* Debug */,
				94907D541A757A8A0057A724 /* Release */,
			);
			defaultConfigurationIsVisible = 0;
			defaultConfigurationName = Release;
		};
		94907D551A757A8A0057A724 /* Build configuration list for PBXNativeTarget "ratings-appTests" */ = {
			isa = XCConfigurationList;
			buildConfigurations = (
				94907D561A757A8A0057A724 /* Debug */,
				94907D571A757A8A0057A724 /* Release */,
			);
			defaultConfigurationIsVisible = 0;
			defaultConfigurationName = Release;
		};
/* End XCConfigurationList section */
	};
	rootObject = 94907D261A757A8A0057A724 /* Project object */;
}
